
Microsoft Visual Studio Solution File, Format Version 12.00
# Visual Studio Version 17
VisualStudioVersion = 17.5.33414.496
MinimumVisualStudioVersion = 10.0.40219.1
Project("{FAE04EC0-301F-11D3-BF4B-00C04F79EFBC}") = "APIServer", "APIServer\APIServer.csproj", "{2D752A20-3916-4745-983B-F9976DAC8C6B}"
EndProject
Global
	GlobalSection(SolutionConfigurationPlatforms) = preSolution
		Debug|Any CPU = Debug|Any CPU
		Release|Any CPU = Release|Any CPU
	EndGlobalSection
	GlobalSection(ProjectConfigurationPlatforms) = postSolution
		{2D752A20-3916-4745-983B-F9976DAC8C6B}.Debug|Any CPU.ActiveCfg = Debug|Any CPU
		{2D752A20-3916-4745-983B-F9976DAC8C6B}.Debug|Any CPU.Build.0 = Debug|Any CPU
		{2D752A20-3916-4745-983B-F9976DAC8C6B}.Release|Any CPU.ActiveCfg = Release|Any CPU
		{2D752A20-3916-4745-983B-F9976DAC8C6B}.Release|Any CPU.Build.0 = Release|Any CPU
	EndGlobalSection
	GlobalSection(SolutionProperties) = preSolution
		HideSolutionNode = FALSE
	EndGlobalSection
	GlobalSection(ExtensibilityGlobals) = postSolution
		SolutionGuid = {845482E4-4F77-4AA6-9BE0-B0D3B2177F30}
	EndGlobalSection
EndGlobal
